{
  "version": 4,
  "terraform_version": "1.11.4",
  "serial": 20,
  "lineage": "6b001bd7-73a4-c808-0df4-5687bc784bf2",
  "outputs": {},
  "resources": [
    {
      "module": "module.cloud_run_service",
      "mode": "managed",
      "type": "google_artifact_registry_repository",
      "name": "repo",
      "provider": "provider[\"registry.terraform.io/hashicorp/google\"]",
      "instances": [
        {
          "schema_version": 0,
          "attributes": {
            "cleanup_policies": [],
            "cleanup_policy_dry_run": false,
            "create_time": "2025-05-16T07:28:32.539172Z",
            "description": "",
            "docker_config": [],
            "effective_labels": {
              "goog-terraform-provisioned": "true"
            },
            "format": "DOCKER",
            "id": "projects/desafio-devops-dev/locations/us-central1/repositories/meu-servico",
            "kms_key_name": "",
            "labels": {},
            "location": "us-central1",
            "maven_config": [],
            "mode": "STANDARD_REPOSITORY",
            "name": "meu-servico",
            "project": "desafio-devops-dev",
            "remote_repository_config": [],
            "repository_id": "meu-servico",
            "terraform_labels": {
              "goog-terraform-provisioned": "true"
            },
            "timeouts": null,
            "update_time": "2025-05-16T07:28:32.539172Z",
            "virtual_repository_config": [],
            "vulnerability_scanning_config": [
              {
                "enablement_config": "",
                "enablement_state": "SCANNING_DISABLED",
                "enablement_state_reason": "API containerscanning.googleapis.com is not enabled."
              }
            ]
          },
          "sensitive_attributes": [],
          "private": "eyJlMmJmYjczMC1lY2FhLTExZTYtOGY4OC0zNDM2M2JjN2M0YzAiOnsiY3JlYXRlIjoxMjAwMDAwMDAwMDAwLCJkZWxldGUiOjEyMDAwMDAwMDAwMDAsInVwZGF0ZSI6MTIwMDAwMDAwMDAwMH19",
          "dependencies": [
            "module.cloud_run_service.google_project_service.artifactregistry_api"
          ]
        }
      ]
    },
    {
      "module": "module.cloud_run_service",
      "mode": "managed",
      "type": "google_artifact_registry_repository_iam_member",
      "name": "repo_reader",
      "provider": "provider[\"registry.terraform.io/hashicorp/google\"]",
      "instances": [
        {
          "schema_version": 0,
          "attributes": {
            "condition": [],
            "etag": "BwY1O7rxKAs=",
            "id": "projects/desafio-devops-dev/locations/us-central1/repositories/meu-servico/roles/artifactregistry.reader/serviceAccount:github-actions-deployer@desafio-devops-dev.iam.gserviceaccount.com",
            "location": "us-central1",
            "member": "serviceAccount:github-actions-deployer@desafio-devops-dev.iam.gserviceaccount.com",
            "project": "desafio-devops-dev",
            "repository": "projects/desafio-devops-dev/locations/us-central1/repositories/meu-servico",
            "role": "roles/artifactregistry.reader"
          },
          "sensitive_attributes": [],
          "private": "bnVsbA==",
          "dependencies": [
            "module.cloud_run_service.google_artifact_registry_repository.repo",
            "module.cloud_run_service.google_project_service.artifactregistry_api"
          ]
        }
      ]
    },
    {
      "module": "module.cloud_run_service",
      "mode": "managed",
      "type": "google_cloud_run_service",
      "name": "default",
      "provider": "provider[\"registry.terraform.io/hashicorp/google\"]",
      "instances": [
        {
          "schema_version": 2,
          "attributes": {
            "autogenerate_revision_name": false,
            "id": "locations/us-central1/namespaces/desafio-devops-dev/services/meu-servico-dev",
            "location": "us-central1",
            "metadata": [
              {
                "annotations": {},
                "effective_annotations": {
                  "run.googleapis.com/ingress": "all",
                  "run.googleapis.com/ingress-status": "all",
                  "run.googleapis.com/operation-id": "eb182c56-7b7e-4b2e-823f-91f229908e6f",
                  "run.googleapis.com/urls": "[\"https://meu-servico-dev-530960664428.us-central1.run.app\",\"https://meu-servico-dev-wm2egjoraq-uc.a.run.app\"]",
                  "serving.knative.dev/creator": "github-actions-deployer@desafio-devops-dev.iam.gserviceaccount.com",
                  "serving.knative.dev/lastModifier": "github-actions-deployer@desafio-devops-dev.iam.gserviceaccount.com"
                },
                "effective_labels": {
                  "cloud.googleapis.com/location": "us-central1"
                },
                "generation": 1,
                "labels": {},
                "namespace": "desafio-devops-dev",
                "resource_version": "AAY1PDXZx14",
                "self_link": "/apis/serving.knative.dev/v1/namespaces/530960664428/services/meu-servico-dev",
                "terraform_labels": {},
                "uid": "99b600db-aeb7-4b06-8613-201814812643"
              }
            ],
            "name": "meu-servico-dev",
            "project": "desafio-devops-dev",
            "status": [
              {
                "conditions": [
                  {
                    "message": "",
                    "reason": "",
                    "status": "True",
                    "type": "Ready"
                  },
                  {
                    "message": "",
                    "reason": "",
                    "status": "True",
                    "type": "ConfigurationsReady"
                  },
                  {
                    "message": "",
                    "reason": "",
                    "status": "True",
                    "type": "RoutesReady"
                  }
                ],
                "latest_created_revision_name": "meu-servico-dev-00001-5kl",
                "latest_ready_revision_name": "meu-servico-dev-00001-5kl",
                "observed_generation": 1,
                "traffic": [
                  {
                    "latest_revision": true,
                    "percent": 100,
                    "revision_name": "meu-servico-dev-00001-5kl",
                    "tag": "",
                    "url": ""
                  }
                ],
                "url": "https://meu-servico-dev-wm2egjoraq-uc.a.run.app"
              }
            ],
            "template": [
              {
                "metadata": [
                  {
                    "annotations": {
                      "autoscaling.knative.dev/maxScale": "3"
                    },
                    "generation": 0,
                    "labels": {
                      "run.googleapis.com/startupProbeType": "Default"
                    },
                    "name": "",
                    "namespace": "",
                    "resource_version": "",
                    "self_link": "",
                    "uid": ""
                  }
                ],
                "spec": [
                  {
                    "container_concurrency": 80,
                    "containers": [
                      {
                        "args": null,
                        "command": null,
                        "env": [],
                        "env_from": [],
                        "image": "gcr.io/desafio-devops-dev/meu-servico:latest",
                        "liveness_probe": [],
                        "name": "",
                        "ports": [
                          {
                            "container_port": 8080,
                            "name": "http1",
                            "protocol": ""
                          }
                        ],
                        "resources": [
                          {
                            "limits": {
                              "cpu": "1000m",
                              "memory": "512Mi"
                            },
                            "requests": {}
                          }
                        ],
                        "startup_probe": [
                          {
                            "failure_threshold": 1,
                            "grpc": [],
                            "http_get": [],
                            "initial_delay_seconds": 0,
                            "period_seconds": 240,
                            "tcp_socket": [
                              {
                                "port": 8080
                              }
                            ],
                            "timeout_seconds": 240
                          }
                        ],
                        "volume_mounts": [],
                        "working_dir": ""
                      }
                    ],
                    "node_selector": null,
                    "service_account_name": "github-actions-deployer@desafio-devops-dev.iam.gserviceaccount.com",
                    "serving_state": "",
                    "timeout_seconds": 300,
                    "volumes": []
                  }
                ]
              }
            ],
            "timeouts": null,
            "traffic": [
              {
                "latest_revision": true,
                "percent": 100,
                "revision_name": "",
                "tag": "",
                "url": ""
              }
            ]
          },
          "sensitive_attributes": [],
          "private": "eyJlMmJmYjczMC1lY2FhLTExZTYtOGY4OC0zNDM2M2JjN2M0YzAiOnsiY3JlYXRlIjoxMjAwMDAwMDAwMDAwLCJkZWxldGUiOjEyMDAwMDAwMDAwMDAsInVwZGF0ZSI6MTIwMDAwMDAwMDAwMH0sInNjaGVtYV92ZXJzaW9uIjoiMiJ9",
          "dependencies": [
            "module.cloud_run_service.google_artifact_registry_repository.repo",
            "module.cloud_run_service.google_artifact_registry_repository_iam_member.repo_reader",
            "module.cloud_run_service.google_project_service.artifactregistry_api",
            "module.cloud_run_service.google_project_service.cloud_run_api"
          ]
        }
      ]
    },
    {
      "module": "module.cloud_run_service",
      "mode": "managed",
      "type": "google_cloud_run_service_iam_member",
      "name": "noauth",
      "provider": "provider[\"registry.terraform.io/hashicorp/google\"]",
      "instances": [
        {
          "schema_version": 0,
          "attributes": {
            "condition": [],
            "etag": "BwY1PDZOHjw=",
            "id": "v1/projects/desafio-devops-dev/locations/us-central1/services/meu-servico-dev/roles/run.invoker/allUsers",
            "location": "us-central1",
            "member": "allUsers",
            "project": "desafio-devops-dev",
            "role": "roles/run.invoker",
            "service": "v1/projects/desafio-devops-dev/locations/us-central1/services/meu-servico-dev"
          },
          "sensitive_attributes": [],
          "private": "bnVsbA==",
          "dependencies": [
            "module.cloud_run_service.google_artifact_registry_repository.repo",
            "module.cloud_run_service.google_artifact_registry_repository_iam_member.repo_reader",
            "module.cloud_run_service.google_cloud_run_service.default",
            "module.cloud_run_service.google_project_service.artifactregistry_api",
            "module.cloud_run_service.google_project_service.cloud_run_api"
          ]
        }
      ]
    },
    {
      "module": "module.cloud_run_service",
      "mode": "managed",
      "type": "google_project_service",
      "name": "artifactregistry_api",
      "provider": "provider[\"registry.terraform.io/hashicorp/google\"]",
      "instances": [
        {
          "schema_version": 0,
          "attributes": {
            "disable_dependent_services": null,
            "disable_on_destroy": false,
            "id": "desafio-devops-dev/artifactregistry.googleapis.com",
            "project": "desafio-devops-dev",
            "service": "artifactregistry.googleapis.com",
            "timeouts": null
          },
          "sensitive_attributes": [],
          "private": "eyJlMmJmYjczMC1lY2FhLTExZTYtOGY4OC0zNDM2M2JjN2M0YzAiOnsiY3JlYXRlIjoxMjAwMDAwMDAwMDAwLCJkZWxldGUiOjEyMDAwMDAwMDAwMDAsInJlYWQiOjYwMDAwMDAwMDAwMCwidXBkYXRlIjoxMjAwMDAwMDAwMDAwfX0="
        }
      ]
    },
    {
      "module": "module.cloud_run_service",
      "mode": "managed",
      "type": "google_project_service",
      "name": "cloud_run_api",
      "provider": "provider[\"registry.terraform.io/hashicorp/google\"]",
      "instances": [
        {
          "schema_version": 0,
          "attributes": {
            "disable_dependent_services": null,
            "disable_on_destroy": false,
            "id": "desafio-devops-dev/run.googleapis.com",
            "project": "desafio-devops-dev",
            "service": "run.googleapis.com",
            "timeouts": null
          },
          "sensitive_attributes": [],
          "private": "eyJlMmJmYjczMC1lY2FhLTExZTYtOGY4OC0zNDM2M2JjN2M0YzAiOnsiY3JlYXRlIjoxMjAwMDAwMDAwMDAwLCJkZWxldGUiOjEyMDAwMDAwMDAwMDAsInJlYWQiOjYwMDAwMDAwMDAwMCwidXBkYXRlIjoxMjAwMDAwMDAwMDAwfX0="
        }
      ]
    },
    {
      "module": "module.cloud_run_service",
      "mode": "managed",
      "type": "google_project_service",
      "name": "cloudresourcemanager_api",
      "provider": "provider[\"registry.terraform.io/hashicorp/google\"]",
      "instances": [
        {
          "schema_version": 0,
          "attributes": {
            "disable_dependent_services": null,
            "disable_on_destroy": false,
            "id": "desafio-devops-dev/cloudresourcemanager.googleapis.com",
            "project": "desafio-devops-dev",
            "service": "cloudresourcemanager.googleapis.com",
            "timeouts": null
          },
          "sensitive_attributes": [],
          "private": "eyJlMmJmYjczMC1lY2FhLTExZTYtOGY4OC0zNDM2M2JjN2M0YzAiOnsiY3JlYXRlIjoxMjAwMDAwMDAwMDAwLCJkZWxldGUiOjEyMDAwMDAwMDAwMDAsInJlYWQiOjYwMDAwMDAwMDAwMCwidXBkYXRlIjoxMjAwMDAwMDAwMDAwfX0="
        }
      ]
    }
  ],
  "check_results": null
}
